Microsoft Visual Studio Solution File, Format Version 11.00
# Visual Studio 2008

Project("{B1B01AEF-A640-8921-08D3-066CA6A1F709}") = "New-Game-master", "Assembly-CSharp.csproj", "{77DF3E44-A385-4AA6-9AEB-65150BC73561}"
EndProject
Global
	GlobalSection(SolutionConfigurationPlatforms) = preSolution
		Debug|Any CPU = Debug|Any CPU
		Release|Any CPU = Release|Any CPU
	EndGlobalSection
	GlobalSection(ProjectConfigurationPlatforms) = postSolution
		{77DF3E44-A385-4AA6-9AEB-65150BC73561}.Debug|Any CPU.ActiveCfg = Debug|Any CPU
		{77DF3E44-A385-4AA6-9AEB-65150BC73561}.Debug|Any CPU.Build.0 = Debug|Any CPU
		{77DF3E44-A385-4AA6-9AEB-65150BC73561}.Release|Any CPU.ActiveCfg = Release|Any CPU
		{77DF3E44-A385-4AA6-9AEB-65150BC73561}.Release|Any CPU.Build.0 = Release|Any CPU
	EndGlobalSection
	GlobalSection(SolutionProperties) = preSolution
		HideSolutionNode = FALSE
	EndGlobalSection
	GlobalSection(MonoDevelopProperties) = preSolution
		StartupItem = Assembly-CSharp.csproj
	EndGlobalSection
EndGlobal
