
Microsoft Visual Studio Solution File, Format Version 12.00
# Visual Studio 2015
Project("{FAE04EC0-301F-11D3-BF4B-00C04F79EFBC}") = "New-Game-master.CSharp", "New-Game-master.CSharp.csproj", "{1154A9C3-4770-A930-6511-86D6E9632848}"
EndProject
Global
	GlobalSection(SolutionConfigurationPlatforms) = preSolution
		Debug|Any CPU = Debug|Any CPU
		Release|Any CPU = Release|Any CPU
	EndGlobalSection
	GlobalSection(ProjectConfigurationPlatforms) = postSolution
		{1154A9C3-4770-A930-6511-86D6E9632848}.Debug|Any CPU.ActiveCfg = Debug|Any CPU
		{1154A9C3-4770-A930-6511-86D6E9632848}.Debug|Any CPU.Build.0 = Debug|Any CPU
		{1154A9C3-4770-A930-6511-86D6E9632848}.Release|Any CPU.ActiveCfg = Release|Any CPU
		{1154A9C3-4770-A930-6511-86D6E9632848}.Release|Any CPU.Build.0 = Release|Any CPU
	EndGlobalSection
	GlobalSection(SolutionProperties) = preSolution
		HideSolutionNode = FALSE
	EndGlobalSection
EndGlobal
